<?xml version="1.0" encoding="UTF-8" standalone="yes" ?>
<CodeBlocks_project_file>
	<FileVersion major="1" minor="6" />
	<Project>
		<Option title="bignumlib" />
		<Option pch_mode="2" />
		<Option compiler="gcc" />
		<Build>
			<Target title="Debug">
				<Option output="bin/Debug/bignumlib.exe" prefix_auto="1" extension_auto="1" />
				<Option object_output="obj/Debug/" />
				<Option type="1" />
				<Option compiler="gcc" />
				<Compiler>
					<Add option="-g" />
					<Add directory="src" />
					<Add directory="include" />
				</Compiler>
			</Target>
			<Target title="Release">
				<Option output="bin/Release/bignumlib.exe" prefix_auto="1" extension_auto="1" />
				<Option object_output="obj/Release/" />
				<Option type="1" />
				<Option compiler="gcc" />
				<Compiler>
					<Add option="-O2" />
				</Compiler>
				<Linker>
					<Add option="-s" />
				</Linker>
			</Target>
		</Build>
		<Compiler>
			<Add option="-Wall" />
		</Compiler>
		<Unit filename="include/actions.h" />
		<Unit filename="include/bigint.h" />
		<Unit filename="include/bignat.h" />
		<Unit filename="include/bignumlib-error.h" />
		<Unit filename="include/bigpolynom.h" />
		<Unit filename="include/bigrat.h" />
		<Unit filename="include/consts.h" />
		<Unit filename="include/main.h" />
		<Unit filename="include/utils.h" />
		<Unit filename="src/actions.c">
			<Option compilerVar="CC" />
		</Unit>
		<Unit filename="src/bigint.c">
			<Option compilerVar="CC" />
		</Unit>
		<Unit filename="src/bignat.c">
			<Option compilerVar="CC" />
		</Unit>
		<Unit filename="src/bignumlib-error.c">
			<Option compilerVar="CC" />
		</Unit>
		<Unit filename="src/bigpolynom.c">
			<Option compilerVar="CC" />
		</Unit>
		<Unit filename="src/bigrat.c">
			<Option compilerVar="CC" />
		</Unit>
		<Unit filename="src/main.c">
			<Option compilerVar="CC" />
		</Unit>
		<Unit filename="src/utils.c">
			<Option compilerVar="CC" />
		</Unit>
		<Extensions>
			<code_completion />
			<envvars />
			<debugger />
		</Extensions>
	</Project>
</CodeBlocks_project_file>
